
Microsoft Visual Studio Solution File, Format Version 12.00
# Visual Studio Version 17
VisualStudioVersion = 17.6.33829.357
MinimumVisualStudioVersion = 10.0.40219.1
Project("{FAE04EC0-301F-11D3-BF4B-00C04F79EFBC}") = "iShipping.Ly", "iShipping.Ly\iShipping.Ly.csproj", "{6B317137-9C3C-4C94-B3F6-9648C8A8C396}"
EndProject
Global
	GlobalSection(SolutionConfigurationPlatforms) = preSolution
		Debug|Any CPU = Debug|Any CPU
		Release|Any CPU = Release|Any CPU
	EndGlobalSection
	GlobalSection(ProjectConfigurationPlatforms) = postSolution
		{6B317137-9C3C-4C94-B3F6-9648C8A8C396}.Debug|Any CPU.ActiveCfg = Debug|Any CPU
		{6B317137-9C3C-4C94-B3F6-9648C8A8C396}.Debug|Any CPU.Build.0 = Debug|Any CPU
		{6B317137-9C3C-4C94-B3F6-9648C8A8C396}.Release|Any CPU.ActiveCfg = Release|Any CPU
		{6B317137-9C3C-4C94-B3F6-9648C8A8C396}.Release|Any CPU.Build.0 = Release|Any CPU
	EndGlobalSection
	GlobalSection(SolutionProperties) = preSolution
		HideSolutionNode = FALSE
	EndGlobalSection
	GlobalSection(ExtensibilityGlobals) = postSolution
		SolutionGuid = {C94995F3-10AF-406D-86CB-FFEFE99EDA6B}
	EndGlobalSection
EndGlobal
